# This file is automatically @generated by Cargo.
# It is not intended for manual editing.
version = 4

[[package]]
name = "const_panic"
version = "0.2.15"
source = "registry+https://github.com/rust-lang/crates.io-index"
checksum = "e262cdaac42494e3ae34c43969f9cdeb7da178bdb4b66fa6a1ea2edb4c8ae652"
dependencies = [
 "typewit",
]

[[package]]
name = "kitness"
version = "0.1.0"
dependencies = [
 "konst",
 "typewit",
]

[[package]]
name = "konst"
version = "0.4.3"
source = "registry+https://github.com/rust-lang/crates.io-index"
checksum = "f660d5f887e3562f9ab6f4a14988795b694099d66b4f5dedc02d197ba9becb1d"
dependencies = [
 "const_panic",
 "konst_proc_macros",
 "typewit",
]

[[package]]
name = "konst_proc_macros"
version = "0.4.1"
source = "registry+https://github.com/rust-lang/crates.io-index"
checksum = "e037a2e1d8d5fdbd49b16a4ea09d5d6401c1f29eca5ff29d03d3824dba16256a"

[[package]]
name = "typewit"
version = "1.15.2"
source = "registry+https://github.com/rust-lang/crates.io-index"
checksum = "214ca0b2191785cbc06209b9ca1861e048e39b5ba33574b3cedd58363d5bb5f6"
dependencies = [
 "typewit_proc_macros",
]

[[package]]
name = "typewit_proc_macros"
version = "1.8.1"
source = "registry+https://github.com/rust-lang/crates.io-index"
checksum = "e36a83ea2b3c704935a01b4642946aadd445cea40b10935e3f8bd8052b8193d6"
